
Microsoft Visual Studio Solution File, Format Version 12.00
# Visual Studio Version 16
VisualStudioVersion = 16.0.31424.327
MinimumVisualStudioVersion = 10.0.40219.1
Project("{9A19103F-16F7-4668-BE54-9A1E7A4F7556}") = "Ls13", "Ls13.csproj", "{1E090357-A508-44FE-AC1C-6289BBFE7C49}"
EndProject
Project("{FAE04EC0-301F-11D3-BF4B-00C04F79EFBC}") = "Ls14", "..\Ls14\Ls14.csproj", "{E4DFCC03-6C53-4CEB-938A-DF394E533C5E}"
EndProject
Global
	GlobalSection(SolutionConfigurationPlatforms) = preSolution
		Debug|Any CPU = Debug|Any CPU
		Release|Any CPU = Release|Any CPU
	EndGlobalSection
	GlobalSection(ProjectConfigurationPlatforms) = postSolution
		{1E090357-A508-44FE-AC1C-6289BBFE7C49}.Debug|Any CPU.ActiveCfg = Debug|Any CPU
		{1E090357-A508-44FE-AC1C-6289BBFE7C49}.Debug|Any CPU.Build.0 = Debug|Any CPU
		{1E090357-A508-44FE-AC1C-6289BBFE7C49}.Release|Any CPU.ActiveCfg = Release|Any CPU
		{1E090357-A508-44FE-AC1C-6289BBFE7C49}.Release|Any CPU.Build.0 = Release|Any CPU
		{E4DFCC03-6C53-4CEB-938A-DF394E533C5E}.Debug|Any CPU.ActiveCfg = Debug|Any CPU
		{E4DFCC03-6C53-4CEB-938A-DF394E533C5E}.Debug|Any CPU.Build.0 = Debug|Any CPU
		{E4DFCC03-6C53-4CEB-938A-DF394E533C5E}.Release|Any CPU.ActiveCfg = Release|Any CPU
		{E4DFCC03-6C53-4CEB-938A-DF394E533C5E}.Release|Any CPU.Build.0 = Release|Any CPU
	EndGlobalSection
	GlobalSection(SolutionProperties) = preSolution
		HideSolutionNode = FALSE
	EndGlobalSection
	GlobalSection(ExtensibilityGlobals) = postSolution
		SolutionGuid = {400CFC89-1488-405F-B873-2B5404CD54AB}
	EndGlobalSection
EndGlobal
